// !$*UTF8*$!
{
	archiveVersion = 1;
	classes = {
	};
	objectVersion = 77;
	objects = {

/* Begin PBXContainerItemProxy section */
		492205C12F90CE9B0028C9F6 /* PBXContainerItemProxy */ = {
			isa = PBXContainerItemProxy;
			containerPortal = 492205A72F90CE990028C9F6 /* Project object */;
			proxyType = 1;
			remoteGlobalIDString = 492205AE2F90CE990028C9F6;
			remoteInfo = WorldClock;
		};
		492205CB2F90CE9B0028C9F6 /* PBXContainerItemProxy */ = {
			isa = PBXContainerItemProxy;
			containerPortal = 492205A72F90CE990028C9F6 /* Project object */;
			proxyType = 1;
			remoteGlobalIDString = 492205AE2F90CE990028C9F6;
			remoteInfo = WorldClock;
		};
/* End PBXContainerItemProxy section */

/* Begin PBXFileReference section */
		492205AF2F90CE9A0028C9F6 /* WorldClock.app */ = {isa = PBXFileReference; explicitFileType = wrapper.application; includeInIndex = 0; path = WorldClock.app; sourceTree = BUILT_PRODUCTS_DIR; };
		492205C02F90CE9B0028C9F6 /* WorldClockTests.xctest */ = {isa = PBXFileReference; explicitFileType = wrapper.cfbundle; includeInIndex = 0; path = WorldClockTests.xctest; sourceTree = BUILT_PRODUCTS_DIR; };
		492205CA2F90CE9B0028C9F6 /* WorldClockUITests.xctest */ = {isa = PBXFileReference; explicitFileType = wrapper.cfbundle; includeInIndex = 0; path = WorldClockUITests.xctest; sourceTree = BUILT_PRODUCTS_DIR; };
/* End PBXFileReference section */

/* Begin PBXFileSystemSynchronizedRootGroup section */
		492205B12F90CE9A0028C9F6 /* WorldClock */ = {
			isa = PBXFileSystemSynchronizedRootGroup;
			path = WorldClock;
			sourceTree = "<group>";
		};
		492205C32F90CE9B0028C9F6 /* WorldClockTests */ = {
			isa = PBXFileSystemSynchronizedRootGroup;
			path = WorldClockTests;
			sourceTree = "<group>";
		};
		492205CD2F90CE9B0028C9F6 /* WorldClockUITests */ = {
			isa = PBXFileSystemSynchronizedRootGroup;
			path = WorldClockUITests;
			sourceTree = "<group>";
		};
/* End PBXFileSystemSynchronizedRootGroup section */

/* Begin PBXFrameworksBuildPhase section */
		492205AC2F90CE990028C9F6 /* Frameworks */ = {
			isa = PBXFrameworksBuildPhase;
			buildActionMask = 2147483647;
			files = (
			);
			runOnlyForDeploymentPostprocessing = 0;
		};
		492205BD2F90CE9B0028C9F6 /* Frameworks */ = {
			isa = PBXFrameworksBuildPhase;
			buildActionMask = 2147483647;
			files = (
			);
			runOnlyForDeploymentPostprocessing = 0;
		};
		492205C72F90CE9B0028C9F6 /* Frameworks */ = {
			isa = PBXFrameworksBuildPhase;
			buildActionMask = 2147483647;
			files = (
			);
			runOnlyForDeploymentPostprocessing = 0;
		};
/* End PBXFrameworksBuildPhase section */

/* Begin PBXGroup section */
		492205A62F90CE990028C9F6 = {
			isa = PBXGroup;
			children = (
				492205B12F90CE9A0028C9F6 /* WorldClock */,
				492205C32F90CE9B0028C9F6 /* WorldClockTests */,
				492205CD2F90CE9B0028C9F6 /* WorldClockUITests */,
				492205B02F90CE9A0028C9F6 /* Products */,
			);
			sourceTree = "<group>";
		};
		492205B02F90CE9A0028C9F6 /* Products */ = {
			isa = PBXGroup;
			children = (
				492205AF2F90CE9A0028C9F6 /* WorldClock.app */,
				492205C02F90CE9B0028C9F6 /* WorldClockTests.xctest */,
				492205CA2F90CE9B0028C9F6 /* WorldClockUITests.xctest */,
			);
			name = Products;
			sourceTree = "<group>";
		};
/* End PBXGroup section */

/* Begin PBXNativeTarget section */
		492205AE2F90CE990028C9F6 /* WorldClock */ = {
			isa = PBXNativeTarget;
			buildConfigurationList = 492205D42F90CE9B0028C9F6 /* Build configuration list for PBXNativeTarget "WorldClock" */;
			buildPhases = (
				492205AB2F90CE990028C9F6 /* Sources */,
				492205AC2F90CE990028C9F6 /* Frameworks */,
				492205AD2F90CE990028C9F6 /* Resources */,
			);
			buildRules = (
			);
			dependencies = (
			);
			fileSystemSynchronizedGroups = (
				492205B12F90CE9A0028C9F6 /* WorldClock */,
			);
			name = WorldClock;
			packageProductDependencies = (
			);
			productName = WorldClock;
			productReference = 492205AF2F90CE9A0028C9F6 /* WorldClock.app */;
			productType = "com.apple.product-type.application";
		};
		492205BF2F90CE9B0028C9F6 /* WorldClockTests */ = {
			isa = PBXNativeTarget;
			buildConfigurationList = 492205D72F90CE9B0028C9F6 /* Build configuration list for PBXNativeTarget "WorldClockTests" */;
			buildPhases = (
				492205BC2F90CE9B0028C9F6 /* Sources */,
				492205BD2F90CE9B0028C9F6 /* Frameworks */,
				492205BE2F90CE9B0028C9F6 /* Resources */,
			);
			buildRules = (
			);
			dependencies = (
				492205C22F90CE9B0028C9F6 /* PBXTargetDependency */,
			);
			fileSystemSynchronizedGroups = (
				492205C32F90CE9B0028C9F6 /* WorldClockTests */,
			);
			name = WorldClockTests;
			packageProductDependencies = (
			);
			productName = WorldClockTests;
			productReference = 492205C02F90CE9B0028C9F6 /* WorldClockTests.xctest */;
			productType = "com.apple.product-type.bundle.unit-test";
		};
		492205C92F90CE9B0028C9F6 /* WorldClockUITests */ = {
			isa = PBXNativeTarget;
			buildConfigurationList = 492205DA2F90CE9B0028C9F6 /* Build configuration list for PBXNativeTarget "WorldClockUITests" */;
			buildPhases = (
				492205C62F90CE9B0028C9F6 /* Sources */,
				492205C72F90CE9B0028C9F6 /* Frameworks */,
				492205C82F90CE9B0028C9F6 /* Resources */,
			);
			buildRules = (
			);
			dependencies = (
				492205CC2F90CE9B0028C9F6 /* PBXTargetDependency */,
			);
			fileSystemSynchronizedGroups = (
				492205CD2F90CE9B0028C9F6 /* WorldClockUITests */,
			);
			name = WorldClockUITests;
			packageProductDependencies = (
			);
			productName = WorldClockUITests;
			productReference = 492205CA2F90CE9B0028C9F6 /* WorldClockUITests.xctest */;
			productType = "com.apple.product-type.bundle.ui-testing";
		};
/* End PBXNativeTarget section */

/* Begin PBXProject section */
		492205A72F90CE990028C9F6 /* Project object */ = {
			isa = PBXProject;
			attributes = {
				BuildIndependentTargetsInParallel = 1;
				LastSwiftUpdateCheck = 1620;
				LastUpgradeCheck = 1620;
				TargetAttributes = {
					492205AE2F90CE990028C9F6 = {
						CreatedOnToolsVersion = 16.2;
					};
					492205BF2F90CE9B0028C9F6 = {
						CreatedOnToolsVersion = 16.2;
						TestTargetID = 492205AE2F90CE990028C9F6;
					};
					492205C92F90CE9B0028C9F6 = {
						CreatedOnToolsVersion = 16.2;
						TestTargetID = 492205AE2F90CE990028C9F6;
					};
				};
			};
			buildConfigurationList = 492205AA2F90CE990028C9F6 /* Build configuration list for PBXProject "WorldClock" */;
			developmentRegion = en;
			hasScannedForEncodings = 0;
			knownRegions = (
				en,
				Base,
			);
			mainGroup = 492205A62F90CE990028C9F6;
			minimizedProjectReferenceProxies = 1;
			preferredProjectObjectVersion = 77;
			productRefGroup = 492205B02F90CE9A0028C9F6 /* Products */;
			projectDirPath = "";
			projectRoot = "";
			targets = (
				492205AE2F90CE990028C9F6 /* WorldClock */,
				492205BF2F90CE9B0028C9F6 /* WorldClockTests */,
				492205C92F90CE9B0028C9F6 /* WorldClockUITests */,
			);
		};
/* End PBXProject section */

/* Begin PBXResourcesBuildPhase section */
		492205AD2F90CE990028C9F6 /* Resources */ = {
			isa = PBXResourcesBuildPhase;
			buildActionMask = 2147483647;
			files = (
			);
			runOnlyForDeploymentPostprocessing = 0;
		};
		492205BE2F90CE9B0028C9F6 /* Resources */ = {
			isa = PBXResourcesBuildPhase;
			buildActionMask = 2147483647;
			files = (
			);
			runOnlyForDeploymentPostprocessing = 0;
		};
		492205C82F90CE9B0028C9F6 /* Resources */ = {
			isa = PBXResourcesBuildPhase;
			buildActionMask = 2147483647;
			files = (
			);
			runOnlyForDeploymentPostprocessing = 0;
		};
/* End PBXResourcesBuildPhase section */

/* Begin PBXSourcesBuildPhase section */
		492205AB2F90CE990028C9F6 /* Sources */ = {
			isa = PBXSourcesBuildPhase;
			buildActionMask = 2147483647;
			files = (
			);
			runOnlyForDeploymentPostprocessing = 0;
		};
		492205BC2F90CE9B0028C9F6 /* Sources */ = {
			isa = PBXSourcesBuildPhase;
			buildActionMask = 2147483647;
			files = (
			);
			runOnlyForDeploymentPostprocessing = 0;
		};
		492205C62F90CE9B0028C9F6 /* Sources */ = {
			isa = PBXSourcesBuildPhase;
			buildActionMask = 2147483647;
			files = (
			);
			runOnlyForDeploymentPostprocessing = 0;
		};
/* End PBXSourcesBuildPhase section */

/* Begin PBXTargetDependency section */
		492205C22F90CE9B0028C9F6 /* PBXTargetDependency */ = {
			isa = PBXTargetDependency;
			target = 492205AE2F90CE990028C9F6 /* WorldClock */;
			targetProxy = 492205C12F90CE9B0028C9F6 /* PBXContainerItemProxy */;
		};
		492205CC2F90CE9B0028C9F6 /* PBXTargetDependency */ = {
			isa = PBXTargetDependency;
			target = 492205AE2F90CE990028C9F6 /* WorldClock */;
			targetProxy = 492205CB2F90CE9B0028C9F6 /* PBXContainerItemProxy */;
		};
/* End PBXTargetDependency section */

/* Begin XCBuildConfiguration section */
		492205D22F90CE9B0028C9F6 /* Debug */ = {
			isa = XCBuildConfiguration;
			buildSettings = {
				ALWAYS_SEARCH_USER_PATHS = NO;
				ASSETCATALOG_COMPILER_GENERATE_SWIFT_ASSET_SYMBOL_EXTENSIONS = YES;
				CLANG_ANALYZER_NONNULL = YES;
				CLANG_ANALYZER_NUMBER_OBJECT_CONVERSION = YES_AGGRESSIVE;
				CLANG_CXX_LANGUAGE_STANDARD = "gnu++20";
				CLANG_ENABLE_MODULES = YES;
				CLANG_ENABLE_OBJC_ARC = YES;
				CLANG_ENABLE_OBJC_WEAK = YES;
				CLANG_WARN_BLOCK_CAPTURE_AUTORELEASING = YES;
				CLANG_WARN_BOOL_CONVERSION = YES;
				CLANG_WARN_COMMA = YES;
				CLANG_WARN_CONSTANT_CONVERSION = YES;
				CLANG_WARN_DEPRECATED_OBJC_IMPLEMENTATIONS = YES;
				CLANG_WARN_DIRECT_OBJC_ISA_USAGE = YES_ERROR;
				CLANG_WARN_DOCUMENTATION_COMMENTS = YES;
				CLANG_WARN_EMPTY_BODY = YES;
				CLANG_WARN_ENUM_CONVERSION = YES;
				CLANG_WARN_INFINITE_RECURSION = YES;
				CLANG_WARN_INT_CONVERSION = YES;
				CLANG_WARN_NON_LITERAL_NULL_CONVERSION = YES;
				CLANG_WARN_OBJC_IMPLICIT_RETAIN_SELF = YES;
				CLANG_WARN_OBJC_LITERAL_CONVERSION = YES;
				CLANG_WARN_OBJC_ROOT_CLASS = YES_ERROR;
				CLANG_WARN_QUOTED_INCLUDE_IN_FRAMEWORK_HEADER = YES;
				CLANG_WARN_RANGE_LOOP_ANALYSIS = YES;
				CLANG_WARN_STRICT_PROTOTYPES = YES;
				CLANG_WARN_SUSPICIOUS_MOVE = YES;
				CLANG_WARN_UNGUARDED_AVAILABILITY = YES_AGGRESSIVE;
				CLANG_WARN_UNREACHABLE_CODE = YES;
				CLANG_WARN__DUPLICATE_METHOD_MATCH = YES;
				COPY_PHASE_STRIP = NO;
				DEBUG_INFORMATION_FORMAT = dwarf;
				ENABLE_STRICT_OBJC_MSGSEND = YES;
				ENABLE_TESTABILITY = YES;
				ENABLE_USER_SCRIPT_SANDBOXING = YES;
				GCC_C_LANGUAGE_STANDARD = gnu17;
				GCC_DYNAMIC_NO_PIC = NO;
				GCC_NO_COMMON_BLOCKS = YES;
				GCC_OPTIMIZATION_LEVEL = 0;
				GCC_PREPROCESSOR_DEFINITIONS = (
					"DEBUG=1",
					"$(inherited)",
				);
				GCC_WARN_64_TO_32_BIT_CONVERSION = YES;
				GCC_WARN_ABOUT_RETURN_TYPE = YES_ERROR;
				GCC_WARN_UNDECLARED_SELECTOR = YES;
				GCC_WARN_UNINITIALIZED_AUTOS = YES_AGGRESSIVE;
				GCC_WARN_UNUSED_FUNCTION = YES;
				GCC_WARN_UNUSED_VARIABLE = YES;
				LOCALIZATION_PREFERS_STRING_CATALOGS = YES;
				MACOSX_DEPLOYMENT_TARGET = 14.6;
				MTL_ENABLE_DEBUG_INFO = INCLUDE_SOURCE;
				MTL_FAST_MATH = YES;
				ONLY_ACTIVE_ARCH = YES;
				SDKROOT = macosx;
				SWIFT_ACTIVE_COMPILATION_CONDITIONS = "DEBUG $(inherited)";
				SWIFT_OPTIMIZATION_LEVEL = "-Onone";
			};
			name = Debug;
		};
		492205D32F90CE9B0028C9F6 /* Release */ = {
			isa = XCBuildConfiguration;
			buildSettings = {
				ALWAYS_SEARCH_USER_PATHS = NO;
				ASSETCATALOG_COMPILER_GENERATE_SWIFT_ASSET_SYMBOL_EXTENSIONS = YES;
				CLANG_ANALYZER_NONNULL = YES;
				CLANG_ANALYZER_NUMBER_OBJECT_CONVERSION = YES_AGGRESSIVE;
				CLANG_CXX_LANGUAGE_STANDARD = "gnu++20";
				CLANG_ENABLE_MODULES = YES;
				CLANG_ENABLE_OBJC_ARC = YES;
				CLANG_ENABLE_OBJC_WEAK = YES;
				CLANG_WARN_BLOCK_CAPTURE_AUTORELEASING = YES;
				CLANG_WARN_BOOL_CONVERSION = YES;
				CLANG_WARN_COMMA = YES;
				CLANG_WARN_CONSTANT_CONVERSION = YES;
				CLANG_WARN_DEPRECATED_OBJC_IMPLEMENTATIONS = YES;
				CLANG_WARN_DIRECT_OBJC_ISA_USAGE = YES_ERROR;
				CLANG_WARN_DOCUMENTATION_COMMENTS = YES;
				CLANG_WARN_EMPTY_BODY = YES;
				CLANG_WARN_ENUM_CONVERSION = YES;
				CLANG_WARN_INFINITE_RECURSION = YES;
				CLANG_WARN_INT_CONVERSION = YES;
				CLANG_WARN_NON_LITERAL_NULL_CONVERSION = YES;
				CLANG_WARN_OBJC_IMPLICIT_RETAIN_SELF = YES;
				CLANG_WARN_OBJC_LITERAL_CONVERSION = YES;
				CLANG_WARN_OBJC_ROOT_CLASS = YES_ERROR;
				CLANG_WARN_QUOTED_INCLUDE_IN_FRAMEWORK_HEADER = YES;
				CLANG_WARN_RANGE_LOOP_ANALYSIS = YES;
				CLANG_WARN_STRICT_PROTOTYPES = YES;
				CLANG_WARN_SUSPICIOUS_MOVE = YES;
				CLANG_WARN_UNGUARDED_AVAILABILITY = YES_AGGRESSIVE;
				CLANG_WARN_UNREACHABLE_CODE = YES;
				CLANG_WARN__DUPLICATE_METHOD_MATCH = YES;
				COPY_PHASE_STRIP = NO;
				DEBUG_INFORMATION_FORMAT = "dwarf-with-dsym";
				ENABLE_NS_ASSERTIONS = NO;
				ENABLE_STRICT_OBJC_MSGSEND = YES;
				ENABLE_USER_SCRIPT_SANDBOXING = YES;
				GCC_C_LANGUAGE_STANDARD = gnu17;
				GCC_NO_COMMON_BLOCKS = YES;
				GCC_WARN_64_TO_32_BIT_CONVERSION = YES;
				GCC_WARN_ABOUT_RETURN_TYPE = YES_ERROR;
				GCC_WARN_UNDECLARED_SELECTOR = YES;
				GCC_WARN_UNINITIALIZED_AUTOS = YES_AGGRESSIVE;
				GCC_WARN_UNUSED_FUNCTION = YES;
				GCC_WARN_UNUSED_VARIABLE = YES;
				LOCALIZATION_PREFERS_STRING_CATALOGS = YES;
				MACOSX_DEPLOYMENT_TARGET = 14.6;
				MTL_ENABLE_DEBUG_INFO = NO;
				MTL_FAST_MATH = YES;
				SDKROOT = macosx;
				SWIFT_COMPILATION_MODE = wholemodule;
			};
			name = Release;
		};
		492205D52F90CE9B0028C9F6 /* Debug */ = {
			isa = XCBuildConfiguration;
			buildSettings = {
				ASSETCATALOG_COMPILER_APPICON_NAME = AppIcon;
				ASSETCATALOG_COMPILER_GLOBAL_ACCENT_COLOR_NAME = AccentColor;
				CODE_SIGN_ENTITLEMENTS = WorldClock/WorldClock.entitlements;
				CODE_SIGN_STYLE = Automatic;
				COMBINE_HIDPI_IMAGES = YES;
				CURRENT_PROJECT_VERSION = 1;
				DEVELOPMENT_ASSET_PATHS = "\"WorldClock/Preview Content\"";
				DEVELOPMENT_TEAM = F8VPSJ6LDT;
				ENABLE_HARDENED_RUNTIME = YES;
				ENABLE_PREVIEWS = YES;
				GENERATE_INFOPLIST_FILE = YES;
				INFOPLIST_KEY_LSUIElement = YES;
				INFOPLIST_KEY_NSHumanReadableCopyright = "";
				LD_RUNPATH_SEARCH_PATHS = (
					"$(inherited)",
					"@executable_path/../Frameworks",
				);
				MARKETING_VERSION = 1.0;
				PRODUCT_BUNDLE_IDENTIFIER = com.sample.WorldClock;
				PRODUCT_NAME = "$(TARGET_NAME)";
				SWIFT_EMIT_LOC_STRINGS = YES;
				SWIFT_VERSION = 5.0;
			};
			name = Debug;
		};
		492205D62F90CE9B0028C9F6 /* Release */ = {
			isa = XCBuildConfiguration;
			buildSettings = {
				ASSETCATALOG_COMPILER_APPICON_NAME = AppIcon;
				ASSETCATALOG_COMPILER_GLOBAL_ACCENT_COLOR_NAME = AccentColor;
				CODE_SIGN_ENTITLEMENTS = WorldClock/WorldClock.entitlements;
				CODE_SIGN_STYLE = Automatic;
				COMBINE_HIDPI_IMAGES = YES;
				CURRENT_PROJECT_VERSION = 1;
				DEVELOPMENT_ASSET_PATHS = "\"WorldClock/Preview Content\"";
				DEVELOPMENT_TEAM = F8VPSJ6LDT;
				ENABLE_HARDENED_RUNTIME = YES;
				ENABLE_PREVIEWS = YES;
				GENERATE_INFOPLIST_FILE = YES;
				INFOPLIST_KEY_LSUIElement = YES;
				INFOPLIST_KEY_NSHumanReadableCopyright = "";
				LD_RUNPATH_SEARCH_PATHS = (
					"$(inherited)",
					"@executable_path/../Frameworks",
				);
				MARKETING_VERSION = 1.0;
				PRODUCT_BUNDLE_IDENTIFIER = com.sample.WorldClock;
				PRODUCT_NAME = "$(TARGET_NAME)";
				SWIFT_EMIT_LOC_STRINGS = YES;
				SWIFT_VERSION = 5.0;
			};
			name = Release;
		};
		492205D82F90CE9B0028C9F6 /* Debug */ = {
			isa = XCBuildConfiguration;
			buildSettings = {
				BUNDLE_LOADER = "$(TEST_HOST)";
				CODE_SIGN_STYLE = Automatic;
				CURRENT_PROJECT_VERSION = 1;
				DEVELOPMENT_TEAM = F8VPSJ6LDT;
				GENERATE_INFOPLIST_FILE = YES;
				MACOSX_DEPLOYMENT_TARGET = 14.6;
				MARKETING_VERSION = 1.0;
				PRODUCT_BUNDLE_IDENTIFIER = com.sample.WorldClockTests;
				PRODUCT_NAME = "$(TARGET_NAME)";
				SWIFT_EMIT_LOC_STRINGS = NO;
				SWIFT_VERSION = 5.0;
				TEST_HOST = "$(BUILT_PRODUCTS_DIR)/WorldClock.app/$(BUNDLE_EXECUTABLE_FOLDER_PATH)/WorldClock";
			};
			name = Debug;
		};
		492205D92F90CE9B0028C9F6 /* Release */ = {
			isa = XCBuildConfiguration;
			buildSettings = {
				BUNDLE_LOADER = "$(TEST_HOST)";
				CODE_SIGN_STYLE = Automatic;
				CURRENT_PROJECT_VERSION = 1;
				DEVELOPMENT_TEAM = F8VPSJ6LDT;
				GENERATE_INFOPLIST_FILE = YES;
				MACOSX_DEPLOYMENT_TARGET = 14.6;
				MARKETING_VERSION = 1.0;
				PRODUCT_BUNDLE_IDENTIFIER = com.sample.WorldClockTests;
				PRODUCT_NAME = "$(TARGET_NAME)";
				SWIFT_EMIT_LOC_STRINGS = NO;
				SWIFT_VERSION = 5.0;
				TEST_HOST = "$(BUILT_PRODUCTS_DIR)/WorldClock.app/$(BUNDLE_EXECUTABLE_FOLDER_PATH)/WorldClock";
			};
			name = Release;
		};
		492205DB2F90CE9B0028C9F6 /* Debug */ = {
			isa = XCBuildConfiguration;
			buildSettings = {
				CODE_SIGN_STYLE = Automatic;
				CURRENT_PROJECT_VERSION = 1;
				DEVELOPMENT_TEAM = F8VPSJ6LDT;
				GENERATE_INFOPLIST_FILE = YES;
				MARKETING_VERSION = 1.0;
				PRODUCT_BUNDLE_IDENTIFIER = com.sample.WorldClockUITests;
				PRODUCT_NAME = "$(TARGET_NAME)";
				SWIFT_EMIT_LOC_STRINGS = NO;
				SWIFT_VERSION = 5.0;
				TEST_TARGET_NAME = WorldClock;
			};
			name = Debug;
		};
		492205DC2F90CE9B0028C9F6 /* Release */ = {
			isa = XCBuildConfiguration;
			buildSettings = {
				CODE_SIGN_STYLE = Automatic;
				CURRENT_PROJECT_VERSION = 1;
				DEVELOPMENT_TEAM = F8VPSJ6LDT;
				GENERATE_INFOPLIST_FILE = YES;
				MARKETING_VERSION = 1.0;
				PRODUCT_BUNDLE_IDENTIFIER = com.sample.WorldClockUITests;
				PRODUCT_NAME = "$(TARGET_NAME)";
				SWIFT_EMIT_LOC_STRINGS = NO;
				SWIFT_VERSION = 5.0;
				TEST_TARGET_NAME = WorldClock;
			};
			name = Release;
		};
/* End XCBuildConfiguration section */

/* Begin XCConfigurationList section */
		492205AA2F90CE990028C9F6 /* Build configuration list for PBXProject "WorldClock" */ = {
			isa = XCConfigurationList;
			buildConfigurations = (
				492205D22F90CE9B0028C9F6 /* Debug */,
				492205D32F90CE9B0028C9F6 /* Release */,
			);
			defaultConfigurationIsVisible = 0;
			defaultConfigurationName = Release;
		};
		492205D42F90CE9B0028C9F6 /* Build configuration list for PBXNativeTarget "WorldClock" */ = {
			isa = XCConfigurationList;
			buildConfigurations = (
				492205D52F90CE9B0028C9F6 /* Debug */,
				492205D62F90CE9B0028C9F6 /* Release */,
			);
			defaultConfigurationIsVisible = 0;
			defaultConfigurationName = Release;
		};
		492205D72F90CE9B0028C9F6 /* Build configuration list for PBXNativeTarget "WorldClockTests" */ = {
			isa = XCConfigurationList;
			buildConfigurations = (
				492205D82F90CE9B0028C9F6 /* Debug */,
				492205D92F90CE9B0028C9F6 /* Release */,
			);
			defaultConfigurationIsVisible = 0;
			defaultConfigurationName = Release;
		};
		492205DA2F90CE9B0028C9F6 /* Build configuration list for PBXNativeTarget "WorldClockUITests" */ = {
			isa = XCConfigurationList;
			buildConfigurations = (
				492205DB2F90CE9B0028C9F6 /* Debug */,
				492205DC2F90CE9B0028C9F6 /* Release */,
			);
			defaultConfigurationIsVisible = 0;
			defaultConfigurationName = Release;
		};
/* End XCConfigurationList section */
	};
	rootObject = 492205A72F90CE990028C9F6 /* Project object */;
}
